
Microsoft Visual Studio Solution File, Format Version 12.00
# Visual Studio 2015
Project("{FAE04EC0-301F-11D3-BF4B-00C04F79EFBC}") = "Dodge-Block.CSharp.Plugins", "Dodge-Block.CSharp.Plugins.csproj", "{88062D00-3272-40E2-8BF3-4CE60A4DDE06}"
EndProject
Project("{FAE04EC0-301F-11D3-BF4B-00C04F79EFBC}") = "Dodge-Block.CSharp", "Dodge-Block.CSharp.csproj", "{B0B25D3E-D6C8-9BA3-6CE1-D56245D2D1BD}"
EndProject
Project("{FAE04EC0-301F-11D3-BF4B-00C04F79EFBC}") = "Dodge-Block.CSharp.Editor", "Dodge-Block.CSharp.Editor.csproj", "{21E8C5CC-3156-96B3-C71F-8E642785B2A7}"
EndProject
Global
	GlobalSection(SolutionConfigurationPlatforms) = preSolution
		Debug|Any CPU = Debug|Any CPU
		Release|Any CPU = Release|Any CPU
	EndGlobalSection
	GlobalSection(ProjectConfigurationPlatforms) = postSolution
		{88062D00-3272-40E2-8BF3-4CE60A4DDE06}.Debug|Any CPU.ActiveCfg = Debug|Any CPU
		{88062D00-3272-40E2-8BF3-4CE60A4DDE06}.Debug|Any CPU.Build.0 = Debug|Any CPU
		{88062D00-3272-40E2-8BF3-4CE60A4DDE06}.Release|Any CPU.ActiveCfg = Release|Any CPU
		{88062D00-3272-40E2-8BF3-4CE60A4DDE06}.Release|Any CPU.Build.0 = Release|Any CPU
		{B0B25D3E-D6C8-9BA3-6CE1-D56245D2D1BD}.Debug|Any CPU.ActiveCfg = Debug|Any CPU
		{B0B25D3E-D6C8-9BA3-6CE1-D56245D2D1BD}.Debug|Any CPU.Build.0 = Debug|Any CPU
		{B0B25D3E-D6C8-9BA3-6CE1-D56245D2D1BD}.Release|Any CPU.ActiveCfg = Release|Any CPU
		{B0B25D3E-D6C8-9BA3-6CE1-D56245D2D1BD}.Release|Any CPU.Build.0 = Release|Any CPU
		{21E8C5CC-3156-96B3-C71F-8E642785B2A7}.Debug|Any CPU.ActiveCfg = Debug|Any CPU
		{21E8C5CC-3156-96B3-C71F-8E642785B2A7}.Debug|Any CPU.Build.0 = Debug|Any CPU
		{21E8C5CC-3156-96B3-C71F-8E642785B2A7}.Release|Any CPU.ActiveCfg = Release|Any CPU
		{21E8C5CC-3156-96B3-C71F-8E642785B2A7}.Release|Any CPU.Build.0 = Release|Any CPU
	EndGlobalSection
	GlobalSection(SolutionProperties) = preSolution
		HideSolutionNode = FALSE
	EndGlobalSection
EndGlobal
